
Microsoft Visual Studio Solution File, Format Version 12.00
# Visual Studio Version 17
VisualStudioVersion = 17.9.34728.123
MinimumVisualStudioVersion = 10.0.40219.1
Project("{9A19103F-16F7-4668-BE54-9A1E7A4F7556}") = "Comex", "Comex.csproj", "{B39FA70C-0C16-4E96-A13C-B2F44DA4B1D2}"
EndProject
Project("{9A19103F-16F7-4668-BE54-9A1E7A4F7556}") = "ComexLibrary", "..\ComexLibrary\ComexLibrary.csproj", "{ECAD0FE5-33D7-4916-A203-5A8290E9515D}"
EndProject
Project("{9A19103F-16F7-4668-BE54-9A1E7A4F7556}") = "ComexApp", "..\ComexApp\ComexApp.csproj", "{228696BB-8BDC-4305-8E44-B3BB2CFB34D0}"
EndProject
Project("{FAE04EC0-301F-11D3-BF4B-00C04F79EFBC}") = "HttpBasicsApp", "..\HttpBasicsApp\HttpBasicsApp.csproj", "{4F1F6FE8-1276-4497-BAA0-067998884E74}"
EndProject
Project("{FAE04EC0-301F-11D3-BF4B-00C04F79EFBC}") = "HttpsApp", "..\HttpsApp\HttpsApp.csproj", "{9BFDDAF7-5C7D-4427-882A-98C4CC69C2F6}"
EndProject
Project("{FAE04EC0-301F-11D3-BF4B-00C04F79EFBC}") = "Http2App", "..\Http2App\Http2App.csproj", "{F813F57F-B587-4AE1-A9AF-4813DEC8C53A}"
EndProject
Global
	GlobalSection(SolutionConfigurationPlatforms) = preSolution
		Debug|Any CPU = Debug|Any CPU
		Release|Any CPU = Release|Any CPU
	EndGlobalSection
	GlobalSection(ProjectConfigurationPlatforms) = postSolution
		{B39FA70C-0C16-4E96-A13C-B2F44DA4B1D2}.Debug|Any CPU.ActiveCfg = Debug|Any CPU
		{B39FA70C-0C16-4E96-A13C-B2F44DA4B1D2}.Debug|Any CPU.Build.0 = Debug|Any CPU
		{B39FA70C-0C16-4E96-A13C-B2F44DA4B1D2}.Release|Any CPU.ActiveCfg = Release|Any CPU
		{B39FA70C-0C16-4E96-A13C-B2F44DA4B1D2}.Release|Any CPU.Build.0 = Release|Any CPU
		{ECAD0FE5-33D7-4916-A203-5A8290E9515D}.Debug|Any CPU.ActiveCfg = Debug|Any CPU
		{ECAD0FE5-33D7-4916-A203-5A8290E9515D}.Debug|Any CPU.Build.0 = Debug|Any CPU
		{ECAD0FE5-33D7-4916-A203-5A8290E9515D}.Release|Any CPU.ActiveCfg = Release|Any CPU
		{ECAD0FE5-33D7-4916-A203-5A8290E9515D}.Release|Any CPU.Build.0 = Release|Any CPU
		{228696BB-8BDC-4305-8E44-B3BB2CFB34D0}.Debug|Any CPU.ActiveCfg = Debug|Any CPU
		{228696BB-8BDC-4305-8E44-B3BB2CFB34D0}.Debug|Any CPU.Build.0 = Debug|Any CPU
		{228696BB-8BDC-4305-8E44-B3BB2CFB34D0}.Release|Any CPU.ActiveCfg = Release|Any CPU
		{228696BB-8BDC-4305-8E44-B3BB2CFB34D0}.Release|Any CPU.Build.0 = Release|Any CPU
		{4F1F6FE8-1276-4497-BAA0-067998884E74}.Debug|Any CPU.ActiveCfg = Debug|Any CPU
		{4F1F6FE8-1276-4497-BAA0-067998884E74}.Debug|Any CPU.Build.0 = Debug|Any CPU
		{4F1F6FE8-1276-4497-BAA0-067998884E74}.Release|Any CPU.ActiveCfg = Release|Any CPU
		{4F1F6FE8-1276-4497-BAA0-067998884E74}.Release|Any CPU.Build.0 = Release|Any CPU
		{9BFDDAF7-5C7D-4427-882A-98C4CC69C2F6}.Debug|Any CPU.ActiveCfg = Debug|Any CPU
		{9BFDDAF7-5C7D-4427-882A-98C4CC69C2F6}.Debug|Any CPU.Build.0 = Debug|Any CPU
		{9BFDDAF7-5C7D-4427-882A-98C4CC69C2F6}.Release|Any CPU.ActiveCfg = Release|Any CPU
		{9BFDDAF7-5C7D-4427-882A-98C4CC69C2F6}.Release|Any CPU.Build.0 = Release|Any CPU
		{F813F57F-B587-4AE1-A9AF-4813DEC8C53A}.Debug|Any CPU.ActiveCfg = Debug|Any CPU
		{F813F57F-B587-4AE1-A9AF-4813DEC8C53A}.Debug|Any CPU.Build.0 = Debug|Any CPU
		{F813F57F-B587-4AE1-A9AF-4813DEC8C53A}.Release|Any CPU.ActiveCfg = Release|Any CPU
		{F813F57F-B587-4AE1-A9AF-4813DEC8C53A}.Release|Any CPU.Build.0 = Release|Any CPU
	EndGlobalSection
	GlobalSection(SolutionProperties) = preSolution
		HideSolutionNode = FALSE
	EndGlobalSection
	GlobalSection(ExtensibilityGlobals) = postSolution
		SolutionGuid = {C42A4FD0-58F8-41EA-B23B-C9BC93914B46}
	EndGlobalSection
EndGlobal
